
Microsoft Visual Studio Solution File, Format Version 12.00
# Visual Studio Version 17
VisualStudioVersion = 17.11.35312.102
MinimumVisualStudioVersion = 10.0.40219.1
Project("{9A19103F-16F7-4668-BE54-9A1E7A4F7556}") = "agrimak.API", "agrimak.API.csproj", "{633BD73C-DAEB-4FF3-9967-C6222698CBCC}"
EndProject
Project("{9A19103F-16F7-4668-BE54-9A1E7A4F7556}") = "agrimak.Domain", "..\agrimak.domain\agrimak.Domain.csproj", "{AFFAA841-7AEC-4077-ACFE-D2CC7A5DCB27}"
EndProject
Global
	GlobalSection(SolutionConfigurationPlatforms) = preSolution
		Debug|Any CPU = Debug|Any CPU
		Release|Any CPU = Release|Any CPU
	EndGlobalSection
	GlobalSection(ProjectConfigurationPlatforms) = postSolution
		{633BD73C-DAEB-4FF3-9967-C6222698CBCC}.Debug|Any CPU.ActiveCfg = Debug|Any CPU
		{633BD73C-DAEB-4FF3-9967-C6222698CBCC}.Debug|Any CPU.Build.0 = Debug|Any CPU
		{633BD73C-DAEB-4FF3-9967-C6222698CBCC}.Release|Any CPU.ActiveCfg = Release|Any CPU
		{633BD73C-DAEB-4FF3-9967-C6222698CBCC}.Release|Any CPU.Build.0 = Release|Any CPU
		{AFFAA841-7AEC-4077-ACFE-D2CC7A5DCB27}.Debug|Any CPU.ActiveCfg = Debug|Any CPU
		{AFFAA841-7AEC-4077-ACFE-D2CC7A5DCB27}.Debug|Any CPU.Build.0 = Debug|Any CPU
		{AFFAA841-7AEC-4077-ACFE-D2CC7A5DCB27}.Release|Any CPU.ActiveCfg = Release|Any CPU
		{AFFAA841-7AEC-4077-ACFE-D2CC7A5DCB27}.Release|Any CPU.Build.0 = Release|Any CPU
	EndGlobalSection
	GlobalSection(SolutionProperties) = preSolution
		HideSolutionNode = FALSE
	EndGlobalSection
	GlobalSection(ExtensibilityGlobals) = postSolution
		SolutionGuid = {5508E970-95E2-4D6C-8080-1BE1564D3ECB}
	EndGlobalSection
EndGlobal
